// !$*UTF8*$!
{
	archiveVersion = 1;
	classes = {
	};
	objectVersion = 56;
	objects = {

/* Begin PBXBuildFile section */
		A1000001 /* SmartPneuApp.swift in Sources */ = {isa = PBXBuildFile; fileRef = A2000001 /* SmartPneuApp.swift */; };
		A1000002 /* ContentView.swift in Sources */ = {isa = PBXBuildFile; fileRef = A2000002 /* ContentView.swift */; };
		A1000003 /* CameraManager.swift in Sources */ = {isa = PBXBuildFile; fileRef = A2000003 /* CameraManager.swift */; };
		A1000004 /* CameraPreviewView.swift in Sources */ = {isa = PBXBuildFile; fileRef = A2000004 /* CameraPreviewView.swift */; };
		A1000005 /* PhotoCaptureManager.swift in Sources */ = {isa = PBXBuildFile; fileRef = A2000005 /* PhotoCaptureManager.swift */; };
		A1000006 /* TireSpec.swift in Sources */ = {isa = PBXBuildFile; fileRef = A2000006 /* TireSpec.swift */; };
		A1000007 /* BackgroundRemover.swift in Sources */ = {isa = PBXBuildFile; fileRef = A2000007 /* BackgroundRemover.swift */; };
		A1000008 /* TireOCRProcessor.swift in Sources */ = {isa = PBXBuildFile; fileRef = A2000008 /* TireOCRProcessor.swift */; };
		A1000009 /* TireTextParser.swift in Sources */ = {isa = PBXBuildFile; fileRef = A2000009 /* TireTextParser.swift */; };
		A100000A /* ScanHistoryView.swift in Sources */ = {isa = PBXBuildFile; fileRef = A200000A /* ScanHistoryView.swift */; };
		A100000B /* ScanResultView.swift in Sources */ = {isa = PBXBuildFile; fileRef = A200000B /* ScanResultView.swift */; };
		A100000C /* StudioPhotoView.swift in Sources */ = {isa = PBXBuildFile; fileRef = A200000C /* StudioPhotoView.swift */; };
		A100000D /* TireScannerView.swift in Sources */ = {isa = PBXBuildFile; fileRef = A200000D /* TireScannerView.swift */; };
		A100000E /* Assets.xcassets in Resources */ = {isa = PBXBuildFile; fileRef = A200000E /* Assets.xcassets */; };
/* End PBXBuildFile section */

/* Begin PBXFileReference section */
		035360302F6656C300F178BE /* SmartPneu.app */ = {isa = PBXFileReference; explicitFileType = wrapper.application; includeInIndex = 0; path = SmartPneu.app; sourceTree = BUILT_PRODUCTS_DIR; };
		A2000001 /* SmartPneuApp.swift */ = {isa = PBXFileReference; lastKnownFileType = sourcecode.swift; path = SmartPneuApp.swift; sourceTree = "<group>"; };
		A2000002 /* ContentView.swift */ = {isa = PBXFileReference; lastKnownFileType = sourcecode.swift; path = ContentView.swift; sourceTree = "<group>"; };
		A2000003 /* CameraManager.swift */ = {isa = PBXFileReference; lastKnownFileType = sourcecode.swift; path = CameraManager.swift; sourceTree = "<group>"; };
		A2000004 /* CameraPreviewView.swift */ = {isa = PBXFileReference; lastKnownFileType = sourcecode.swift; path = CameraPreviewView.swift; sourceTree = "<group>"; };
		A2000005 /* PhotoCaptureManager.swift */ = {isa = PBXFileReference; lastKnownFileType = sourcecode.swift; path = PhotoCaptureManager.swift; sourceTree = "<group>"; };
		A2000006 /* TireSpec.swift */ = {isa = PBXFileReference; lastKnownFileType = sourcecode.swift; path = TireSpec.swift; sourceTree = "<group>"; };
		A2000007 /* BackgroundRemover.swift */ = {isa = PBXFileReference; lastKnownFileType = sourcecode.swift; path = BackgroundRemover.swift; sourceTree = "<group>"; };
		A2000008 /* TireOCRProcessor.swift */ = {isa = PBXFileReference; lastKnownFileType = sourcecode.swift; path = TireOCRProcessor.swift; sourceTree = "<group>"; };
		A2000009 /* TireTextParser.swift */ = {isa = PBXFileReference; lastKnownFileType = sourcecode.swift; path = TireTextParser.swift; sourceTree = "<group>"; };
		A200000A /* ScanHistoryView.swift */ = {isa = PBXFileReference; lastKnownFileType = sourcecode.swift; path = ScanHistoryView.swift; sourceTree = "<group>"; };
		A200000B /* ScanResultView.swift */ = {isa = PBXFileReference; lastKnownFileType = sourcecode.swift; path = ScanResultView.swift; sourceTree = "<group>"; };
		A200000C /* StudioPhotoView.swift */ = {isa = PBXFileReference; lastKnownFileType = sourcecode.swift; path = StudioPhotoView.swift; sourceTree = "<group>"; };
		A200000D /* TireScannerView.swift */ = {isa = PBXFileReference; lastKnownFileType = sourcecode.swift; path = TireScannerView.swift; sourceTree = "<group>"; };
		A200000E /* Assets.xcassets */ = {isa = PBXFileReference; lastKnownFileType = folder.assetcatalog; path = Assets.xcassets; sourceTree = "<group>"; };
		A200000F /* Info.plist */ = {isa = PBXFileReference; lastKnownFileType = text.plist.xml; path = Info.plist; sourceTree = "<group>"; };
/* End PBXFileReference section */

/* Begin PBXFrameworksBuildPhase section */
		0353602D2F6656C300F178BE /* Frameworks */ = {
			isa = PBXFrameworksBuildPhase;
			buildActionMask = 2147483647;
			files = (
			);
			runOnlyForDeploymentPostprocessing = 0;
		};
/* End PBXFrameworksBuildPhase section */

/* Begin PBXGroup section */
		035360272F6656C300F178BE = {
			isa = PBXGroup;
			children = (
				A3000001 /* SmartPneu */,
				035360312F6656C300F178BE /* Products */,
			);
			sourceTree = "<group>";
		};
		035360312F6656C300F178BE /* Products */ = {
			isa = PBXGroup;
			children = (
				035360302F6656C300F178BE /* SmartPneu.app */,
			);
			name = Products;
			sourceTree = "<group>";
		};
		A3000001 /* SmartPneu */ = {
			isa = PBXGroup;
			children = (
				A2000002 /* ContentView.swift */,
				A200000E /* Assets.xcassets */,
				A200000F /* Info.plist */,
				A3000002 /* SmartPneu */,
			);
			path = SmartPneu;
			sourceTree = "<group>";
		};
		A3000002 /* SmartPneu */ = {
			isa = PBXGroup;
			children = (
				A2000001 /* SmartPneuApp.swift */,
				A3000003 /* Camera */,
				A3000004 /* Models */,
				A3000005 /* Scanner */,
				A3000006 /* Views */,
			);
			path = SmartPneu;
			sourceTree = "<group>";
		};
		A3000003 /* Camera */ = {
			isa = PBXGroup;
			children = (
				A2000003 /* CameraManager.swift */,
				A2000004 /* CameraPreviewView.swift */,
				A2000005 /* PhotoCaptureManager.swift */,
			);
			path = Camera;
			sourceTree = "<group>";
		};
		A3000004 /* Models */ = {
			isa = PBXGroup;
			children = (
				A2000006 /* TireSpec.swift */,
			);
			path = Models;
			sourceTree = "<group>";
		};
		A3000005 /* Scanner */ = {
			isa = PBXGroup;
			children = (
				A2000007 /* BackgroundRemover.swift */,
				A2000008 /* TireOCRProcessor.swift */,
				A2000009 /* TireTextParser.swift */,
			);
			path = Scanner;
			sourceTree = "<group>";
		};
		A3000006 /* Views */ = {
			isa = PBXGroup;
			children = (
				A200000A /* ScanHistoryView.swift */,
				A200000B /* ScanResultView.swift */,
				A200000C /* StudioPhotoView.swift */,
				A200000D /* TireScannerView.swift */,
			);
			path = Views;
			sourceTree = "<group>";
		};
/* End PBXGroup section */

/* Begin PBXNativeTarget section */
		0353602F2F6656C300F178BE /* SmartPneu */ = {
			isa = PBXNativeTarget;
			buildConfigurationList = 0353603B2F6656C400F178BE /* Build configuration list for PBXNativeTarget "SmartPneu" */;
			buildPhases = (
				0353602C2F6656C300F178BE /* Sources */,
				0353602D2F6656C300F178BE /* Frameworks */,
				0353602E2F6656C300F178BE /* Resources */,
			);
			buildRules = (
			);
			dependencies = (
			);
			name = SmartPneu;
			packageProductDependencies = (
			);
			productName = SmartPneu;
			productReference = 035360302F6656C300F178BE /* SmartPneu.app */;
			productType = "com.apple.product-type.application";
		};
/* End PBXNativeTarget section */

/* Begin PBXProject section */
		035360282F6656C300F178BE /* Project object */ = {
			isa = PBXProject;
			attributes = {
				BuildIndependentTargetsInParallel = 1;
				LastSwiftUpdateCheck = 1520;
				LastUpgradeCheck = 1520;
				TargetAttributes = {
					0353602F2F6656C300F178BE = {
						CreatedOnToolsVersion = 15.2;
					};
				};
			};
			buildConfigurationList = 0353602B2F6656C300F178BE /* Build configuration list for PBXProject "SmartPneu" */;
			compatibilityVersion = "Xcode 14.0";
			developmentRegion = en;
			hasScannedForEncodings = 0;
			knownRegions = (
				en,
				Base,
			);
			mainGroup = 035360272F6656C300F178BE;
			productRefGroup = 035360312F6656C300F178BE /* Products */;
			projectDirPath = "";
			projectRoot = "";
			targets = (
				0353602F2F6656C300F178BE /* SmartPneu */,
			);
		};
/* End PBXProject section */

/* Begin PBXResourcesBuildPhase section */
		0353602E2F6656C300F178BE /* Resources */ = {
			isa = PBXResourcesBuildPhase;
			buildActionMask = 2147483647;
			files = (
				A100000E /* Assets.xcassets in Resources */,
			);
			runOnlyForDeploymentPostprocessing = 0;
		};
/* End PBXResourcesBuildPhase section */

/* Begin PBXSourcesBuildPhase section */
		0353602C2F6656C300F178BE /* Sources */ = {
			isa = PBXSourcesBuildPhase;
			buildActionMask = 2147483647;
			files = (
				A1000001 /* SmartPneuApp.swift in Sources */,
				A1000002 /* ContentView.swift in Sources */,
				A1000003 /* CameraManager.swift in Sources */,
				A1000004 /* CameraPreviewView.swift in Sources */,
				A1000005 /* PhotoCaptureManager.swift in Sources */,
				A1000006 /* TireSpec.swift in Sources */,
				A1000007 /* BackgroundRemover.swift in Sources */,
				A1000008 /* TireOCRProcessor.swift in Sources */,
				A1000009 /* TireTextParser.swift in Sources */,
				A100000A /* ScanHistoryView.swift in Sources */,
				A100000B /* ScanResultView.swift in Sources */,
				A100000C /* StudioPhotoView.swift in Sources */,
				A100000D /* TireScannerView.swift in Sources */,
			);
			runOnlyForDeploymentPostprocessing = 0;
		};
/* End PBXSourcesBuildPhase section */

/* Begin XCBuildConfiguration section */
		035360392F6656C400F178BE /* Debug */ = {
			isa = XCBuildConfiguration;
			buildSettings = {
				ALWAYS_SEARCH_USER_PATHS = NO;
				ASSETCATALOG_COMPILER_GENERATE_SWIFT_ASSET_SYMBOL_EXTENSIONS = YES;
				CLANG_ANALYZER_NONNULL = YES;
				CLANG_ANALYZER_NUMBER_OBJECT_CONVERSION = YES_AGGRESSIVE;
				CLANG_CXX_LANGUAGE_STANDARD = "gnu++20";
				CLANG_ENABLE_MODULES = YES;
				CLANG_ENABLE_OBJC_ARC = YES;
				CLANG_ENABLE_OBJC_WEAK = YES;
				CLANG_WARN_BLOCK_CAPTURE_AUTORELEASING = YES;
				CLANG_WARN_BOOL_CONVERSION = YES;
				CLANG_WARN_COMMA = YES;
				CLANG_WARN_CONSTANT_CONVERSION = YES;
				CLANG_WARN_DEPRECATED_OBJC_IMPLEMENTATIONS = YES;
				CLANG_WARN_DIRECT_OBJC_ISA_USAGE = YES_ERROR;
				CLANG_WARN_DOCUMENTATION_COMMENTS = YES;
				CLANG_WARN_EMPTY_BODY = YES;
				CLANG_WARN_ENUM_CONVERSION = YES;
				CLANG_WARN_INFINITE_RECURSION = YES;
				CLANG_WARN_INT_CONVERSION = YES;
				CLANG_WARN_NON_LITERAL_NULL_CONVERSION = YES;
				CLANG_WARN_OBJC_IMPLICIT_RETAIN_SELF = YES;
				CLANG_WARN_OBJC_LITERAL_CONVERSION = YES;
				CLANG_WARN_OBJC_ROOT_CLASS = YES_ERROR;
				CLANG_WARN_QUOTED_INCLUDE_IN_FRAMEWORK_HEADER = YES;
				CLANG_WARN_RANGE_LOOP_ANALYSIS = YES;
				CLANG_WARN_STRICT_PROTOTYPES = YES;
				CLANG_WARN_SUSPICIOUS_MOVE = YES;
				CLANG_WARN_UNGUARDED_AVAILABILITY = YES_AGGRESSIVE;
				CLANG_WARN_UNREACHABLE_CODE = YES;
				CLANG_WARN__DUPLICATE_METHOD_MATCH = YES;
				COPY_PHASE_STRIP = NO;
				DEBUG_INFORMATION_FORMAT = dwarf;
				ENABLE_STRICT_OBJC_MSGSEND = YES;
				ENABLE_TESTABILITY = YES;
				ENABLE_USER_SCRIPT_SANDBOXING = YES;
				GCC_C_LANGUAGE_STANDARD = gnu17;
				GCC_DYNAMIC_NO_PIC = NO;
				GCC_NO_COMMON_BLOCKS = YES;
				GCC_OPTIMIZATION_LEVEL = 0;
				GCC_PREPROCESSOR_DEFINITIONS = (
					"DEBUG=1",
					"$(inherited)",
				);
				GCC_WARN_64_TO_32_BIT_CONVERSION = YES;
				GCC_WARN_ABOUT_RETURN_TYPE = YES_ERROR;
				GCC_WARN_UNDECLARED_SELECTOR = YES;
				GCC_WARN_UNINITIALIZED_AUTOS = YES_AGGRESSIVE;
				GCC_WARN_UNUSED_FUNCTION = YES;
				GCC_WARN_UNUSED_VARIABLE = YES;
				IPHONEOS_DEPLOYMENT_TARGET = 17.0;
				LOCALIZATION_PREFERS_STRING_CATALOGS = YES;
				MTL_ENABLE_DEBUG_INFO = INCLUDE_SOURCE;
				MTL_FAST_MATH = YES;
				ONLY_ACTIVE_ARCH = YES;
				SDKROOT = iphoneos;
				SWIFT_ACTIVE_COMPILATION_CONDITIONS = "DEBUG $(inherited)";
				SWIFT_OPTIMIZATION_LEVEL = "-Onone";
			};
			name = Debug;
		};
		0353603A2F6656C400F178BE /* Release */ = {
			isa = XCBuildConfiguration;
			buildSettings = {
				ALWAYS_SEARCH_USER_PATHS = NO;
				ASSETCATALOG_COMPILER_GENERATE_SWIFT_ASSET_SYMBOL_EXTENSIONS = YES;
				CLANG_ANALYZER_NONNULL = YES;
				CLANG_ANALYZER_NUMBER_OBJECT_CONVERSION = YES_AGGRESSIVE;
				CLANG_CXX_LANGUAGE_STANDARD = "gnu++20";
				CLANG_ENABLE_MODULES = YES;
				CLANG_ENABLE_OBJC_ARC = YES;
				CLANG_ENABLE_OBJC_WEAK = YES;
				CLANG_WARN_BLOCK_CAPTURE_AUTORELEASING = YES;
				CLANG_WARN_BOOL_CONVERSION = YES;
				CLANG_WARN_COMMA = YES;
				CLANG_WARN_CONSTANT_CONVERSION = YES;
				CLANG_WARN_DEPRECATED_OBJC_IMPLEMENTATIONS = YES;
				CLANG_WARN_DIRECT_OBJC_ISA_USAGE = YES_ERROR;
				CLANG_WARN_DOCUMENTATION_COMMENTS = YES;
				CLANG_WARN_EMPTY_BODY = YES;
				CLANG_WARN_ENUM_CONVERSION = YES;
				CLANG_WARN_INFINITE_RECURSION = YES;
				CLANG_WARN_INT_CONVERSION = YES;
				CLANG_WARN_NON_LITERAL_NULL_CONVERSION = YES;
				CLANG_WARN_OBJC_IMPLICIT_RETAIN_SELF = YES;
				CLANG_WARN_OBJC_LITERAL_CONVERSION = YES;
				CLANG_WARN_OBJC_ROOT_CLASS = YES_ERROR;
				CLANG_WARN_QUOTED_INCLUDE_IN_FRAMEWORK_HEADER = YES;
				CLANG_WARN_RANGE_LOOP_ANALYSIS = YES;
				CLANG_WARN_STRICT_PROTOTYPES = YES;
				CLANG_WARN_SUSPICIOUS_MOVE = YES;
				CLANG_WARN_UNGUARDED_AVAILABILITY = YES_AGGRESSIVE;
				CLANG_WARN_UNREACHABLE_CODE = YES;
				CLANG_WARN__DUPLICATE_METHOD_MATCH = YES;
				COPY_PHASE_STRIP = NO;
				DEBUG_INFORMATION_FORMAT = "dwarf-with-dsym";
				ENABLE_NS_ASSERTIONS = NO;
				ENABLE_STRICT_OBJC_MSGSEND = YES;
				ENABLE_USER_SCRIPT_SANDBOXING = YES;
				GCC_C_LANGUAGE_STANDARD = gnu17;
				GCC_NO_COMMON_BLOCKS = YES;
				GCC_WARN_64_TO_32_BIT_CONVERSION = YES;
				GCC_WARN_ABOUT_RETURN_TYPE = YES_ERROR;
				GCC_WARN_UNDECLARED_SELECTOR = YES;
				GCC_WARN_UNINITIALIZED_AUTOS = YES_AGGRESSIVE;
				GCC_WARN_UNUSED_FUNCTION = YES;
				GCC_WARN_UNUSED_VARIABLE = YES;
				IPHONEOS_DEPLOYMENT_TARGET = 17.0;
				LOCALIZATION_PREFERS_STRING_CATALOGS = YES;
				MTL_ENABLE_DEBUG_INFO = NO;
				MTL_FAST_MATH = YES;
				SDKROOT = iphoneos;
				SWIFT_COMPILATION_MODE = wholemodule;
				VALIDATE_PRODUCT = YES;
			};
			name = Release;
		};
		0353603C2F6656C400F178BE /* Debug */ = {
			isa = XCBuildConfiguration;
			buildSettings = {
				ASSETCATALOG_COMPILER_APPICON_NAME = AppIcon;
				ASSETCATALOG_COMPILER_GLOBAL_ACCENT_COLOR_NAME = AccentColor;
				CODE_SIGN_STYLE = Automatic;
				CURRENT_PROJECT_VERSION = 1;
				DEVELOPMENT_TEAM = D72HCP7CHJ;
				ENABLE_PREVIEWS = YES;
				GENERATE_INFOPLIST_FILE = YES;
				INFOPLIST_FILE = SmartPneu/Info.plist;
				INFOPLIST_KEY_NSCameraUsageDescription = "SmartPneu needs camera access to scan tire sidewalls";
				INFOPLIST_KEY_UIApplicationSceneManifest_Generation = YES;
				INFOPLIST_KEY_UIApplicationSupportsIndirectInputEvents = YES;
				INFOPLIST_KEY_UILaunchScreen_Generation = YES;
				INFOPLIST_KEY_UISupportedInterfaceOrientations_iPad = "UIInterfaceOrientationPortrait UIInterfaceOrientationPortraitUpsideDown UIInterfaceOrientationLandscapeLeft UIInterfaceOrientationLandscapeRight";
				INFOPLIST_KEY_UISupportedInterfaceOrientations_iPhone = "UIInterfaceOrientationPortrait UIInterfaceOrientationLandscapeLeft UIInterfaceOrientationLandscapeRight";
				IPHONEOS_DEPLOYMENT_TARGET = 17.0;
				LD_RUNPATH_SEARCH_PATHS = (
					"$(inherited)",
					"@executable_path/Frameworks",
				);
				MARKETING_VERSION = 1.0;
				PRODUCT_BUNDLE_IDENTIFIER = com.smartpneu.SmartPneu;
				PRODUCT_NAME = "$(TARGET_NAME)";
				SWIFT_EMIT_LOC_STRINGS = YES;
				SWIFT_VERSION = 5.0;
				TARGETED_DEVICE_FAMILY = "1,2";
			};
			name = Debug;
		};
		0353603D2F6656C400F178BE /* Release */ = {
			isa = XCBuildConfiguration;
			buildSettings = {
				ASSETCATALOG_COMPILER_APPICON_NAME = AppIcon;
				ASSETCATALOG_COMPILER_GLOBAL_ACCENT_COLOR_NAME = AccentColor;
				CODE_SIGN_STYLE = Automatic;
				CURRENT_PROJECT_VERSION = 1;
				DEVELOPMENT_TEAM = D72HCP7CHJ;
				ENABLE_PREVIEWS = YES;
				GENERATE_INFOPLIST_FILE = YES;
				INFOPLIST_FILE = SmartPneu/Info.plist;
				INFOPLIST_KEY_NSCameraUsageDescription = "SmartPneu needs camera access to scan tire sidewalls";
				INFOPLIST_KEY_UIApplicationSceneManifest_Generation = YES;
				INFOPLIST_KEY_UIApplicationSupportsIndirectInputEvents = YES;
				INFOPLIST_KEY_UILaunchScreen_Generation = YES;
				INFOPLIST_KEY_UISupportedInterfaceOrientations_iPad = "UIInterfaceOrientationPortrait UIInterfaceOrientationPortraitUpsideDown UIInterfaceOrientationLandscapeLeft UIInterfaceOrientationLandscapeRight";
				INFOPLIST_KEY_UISupportedInterfaceOrientations_iPhone = "UIInterfaceOrientationPortrait UIInterfaceOrientationLandscapeLeft UIInterfaceOrientationLandscapeRight";
				IPHONEOS_DEPLOYMENT_TARGET = 17.0;
				LD_RUNPATH_SEARCH_PATHS = (
					"$(inherited)",
					"@executable_path/Frameworks",
				);
				MARKETING_VERSION = 1.0;
				PRODUCT_BUNDLE_IDENTIFIER = com.smartpneu.SmartPneu;
				PRODUCT_NAME = "$(TARGET_NAME)";
				SWIFT_EMIT_LOC_STRINGS = YES;
				SWIFT_VERSION = 5.0;
				TARGETED_DEVICE_FAMILY = "1,2";
			};
			name = Release;
		};
/* End XCBuildConfiguration section */

/* Begin XCConfigurationList section */
		0353602B2F6656C300F178BE /* Build configuration list for PBXProject "SmartPneu" */ = {
			isa = XCConfigurationList;
			buildConfigurations = (
				035360392F6656C400F178BE /* Debug */,
				0353603A2F6656C400F178BE /* Release */,
			);
			defaultConfigurationIsVisible = 0;
			defaultConfigurationName = Release;
		};
		0353603B2F6656C400F178BE /* Build configuration list for PBXNativeTarget "SmartPneu" */ = {
			isa = XCConfigurationList;
			buildConfigurations = (
				0353603C2F6656C400F178BE /* Debug */,
				0353603D2F6656C400F178BE /* Release */,
			);
			defaultConfigurationIsVisible = 0;
			defaultConfigurationName = Release;
		};
/* End XCConfigurationList section */
	};
	rootObject = 035360282F6656C300F178BE /* Project object */;
}
